
Microsoft Visual Studio Solution File, Format Version 12.00
# Visual Studio Version 16
VisualStudioVersion = 16.0.33529.622
MinimumVisualStudioVersion = 10.0.40219.1
Project("{FAE04EC0-301F-11D3-BF4B-00C04F79EFBC}") = "WindowsFormsApp4", "WindowsFormsApp4.csproj", "{86C185DC-D257-4775-9A23-F6A8C8BF0911}"
EndProject
Global
	GlobalSection(SolutionConfigurationPlatforms) = preSolution
		Debug|Any CPU = Debug|Any CPU
		Release|Any CPU = Release|Any CPU
	EndGlobalSection
	GlobalSection(ProjectConfigurationPlatforms) = postSolution
		{86C185DC-D257-4775-9A23-F6A8C8BF0911}.Debug|Any CPU.ActiveCfg = Debug|Any CPU
		{86C185DC-D257-4775-9A23-F6A8C8BF0911}.Debug|Any CPU.Build.0 = Debug|Any CPU
		{86C185DC-D257-4775-9A23-F6A8C8BF0911}.Release|Any CPU.ActiveCfg = Release|Any CPU
		{86C185DC-D257-4775-9A23-F6A8C8BF0911}.Release|Any CPU.Build.0 = Release|Any CPU
	EndGlobalSection
	GlobalSection(SolutionProperties) = preSolution
		HideSolutionNode = FALSE
	EndGlobalSection
	GlobalSection(ExtensibilityGlobals) = postSolution
		SolutionGuid = {3CD215D1-4543-4947-9C4D-A7473D432F2B}
	EndGlobalSection
EndGlobal
